
Microsoft Visual Studio Solution File, Format Version 12.00
# Visual Studio Version 16
VisualStudioVersion = 16.0.31605.320
MinimumVisualStudioVersion = 10.0.40219.1
Project("{FAE04EC0-301F-11D3-BF4B-00C04F79EFBC}") = "Cronograma", "Cronograma\Cronograma.csproj", "{2360C130-04E6-4466-8861-8B9BC6C64026}"
EndProject
Global
	GlobalSection(SolutionConfigurationPlatforms) = preSolution
		Debug|Any CPU = Debug|Any CPU
		Release|Any CPU = Release|Any CPU
	EndGlobalSection
	GlobalSection(ProjectConfigurationPlatforms) = postSolution
		{2360C130-04E6-4466-8861-8B9BC6C64026}.Debug|Any CPU.ActiveCfg = Debug|Any CPU
		{2360C130-04E6-4466-8861-8B9BC6C64026}.Debug|Any CPU.Build.0 = Debug|Any CPU
		{2360C130-04E6-4466-8861-8B9BC6C64026}.Release|Any CPU.ActiveCfg = Release|Any CPU
		{2360C130-04E6-4466-8861-8B9BC6C64026}.Release|Any CPU.Build.0 = Release|Any CPU
	EndGlobalSection
	GlobalSection(SolutionProperties) = preSolution
		HideSolutionNode = FALSE
	EndGlobalSection
	GlobalSection(ExtensibilityGlobals) = postSolution
		SolutionGuid = {E2F70C34-C3F1-41F4-8FA4-0BF7CABD3908}
	EndGlobalSection
EndGlobal
